
Microsoft Visual Studio Solution File, Format Version 12.00
# Visual Studio 15
VisualStudioVersion = 15.0.27428.2037
MinimumVisualStudioVersion = 10.0.40219.1
Project("{FAE04EC0-301F-11D3-BF4B-00C04F79EFBC}") = "TipCalculator", "TipCalculator\TipCalculator.csproj", "{C884D6E8-1D80-4029-B8E3-C8AE758E963A}"
EndProject
Global
	GlobalSection(SolutionConfigurationPlatforms) = preSolution
		Debug|iPhone = Debug|iPhone
		Debug|iPhoneSimulator = Debug|iPhoneSimulator
		Release|iPhone = Release|iPhone
		Release|iPhoneSimulator = Release|iPhoneSimulator
	EndGlobalSection
	GlobalSection(ProjectConfigurationPlatforms) = postSolution
		{C884D6E8-1D80-4029-B8E3-C8AE758E963A}.Debug|iPhone.ActiveCfg = Debug|iPhone
		{C884D6E8-1D80-4029-B8E3-C8AE758E963A}.Debug|iPhone.Build.0 = Debug|iPhone
		{C884D6E8-1D80-4029-B8E3-C8AE758E963A}.Debug|iPhoneSimulator.ActiveCfg = Debug|iPhoneSimulator
		{C884D6E8-1D80-4029-B8E3-C8AE758E963A}.Debug|iPhoneSimulator.Build.0 = Debug|iPhoneSimulator
		{C884D6E8-1D80-4029-B8E3-C8AE758E963A}.Release|iPhone.ActiveCfg = Release|iPhone
		{C884D6E8-1D80-4029-B8E3-C8AE758E963A}.Release|iPhone.Build.0 = Release|iPhone
		{C884D6E8-1D80-4029-B8E3-C8AE758E963A}.Release|iPhoneSimulator.ActiveCfg = Release|iPhoneSimulator
		{C884D6E8-1D80-4029-B8E3-C8AE758E963A}.Release|iPhoneSimulator.Build.0 = Release|iPhoneSimulator
	EndGlobalSection
	GlobalSection(SolutionProperties) = preSolution
		HideSolutionNode = FALSE
	EndGlobalSection
	GlobalSection(ExtensibilityGlobals) = postSolution
		SolutionGuid = {B27FDB35-36D2-4BCA-87FD-027E3DB5A09C}
	EndGlobalSection
EndGlobal
